
Microsoft Visual Studio Solution File, Format Version 12.00
# Visual Studio Version 16
VisualStudioVersion = 16.0.30907.101
MinimumVisualStudioVersion = 10.0.40219.1
Project("{FAE04EC0-301F-11D3-BF4B-00C04F79EFBC}") = "_Console", "_Console\_Console.csproj", "{D35B321B-97CE-4B0A-9BF0-228D3EA4673C}"
EndProject
Global
	GlobalSection(SolutionConfigurationPlatforms) = preSolution
		Debug|Any CPU = Debug|Any CPU
		Release|Any CPU = Release|Any CPU
	EndGlobalSection
	GlobalSection(ProjectConfigurationPlatforms) = postSolution
		{D35B321B-97CE-4B0A-9BF0-228D3EA4673C}.Debug|Any CPU.ActiveCfg = Debug|Any CPU
		{D35B321B-97CE-4B0A-9BF0-228D3EA4673C}.Debug|Any CPU.Build.0 = Debug|Any CPU
		{D35B321B-97CE-4B0A-9BF0-228D3EA4673C}.Release|Any CPU.ActiveCfg = Release|Any CPU
		{D35B321B-97CE-4B0A-9BF0-228D3EA4673C}.Release|Any CPU.Build.0 = Release|Any CPU
	EndGlobalSection
	GlobalSection(SolutionProperties) = preSolution
		HideSolutionNode = FALSE
	EndGlobalSection
	GlobalSection(ExtensibilityGlobals) = postSolution
		SolutionGuid = {E71DBB7B-BAD4-4752-9216-FE1F813F2857}
	EndGlobalSection
EndGlobal
