
Microsoft Visual Studio Solution File, Format Version 12.00
# Visual Studio Version 16
VisualStudioVersion = 16.0.30907.101
MinimumVisualStudioVersion = 10.0.40219.1
Project("{FAE04EC0-301F-11D3-BF4B-00C04F79EFBC}") = "DotNet", "DotNet.csproj", "{0F9D793B-BE42-4F69-9608-913A1A21719F}"
EndProject
Project("{FAE04EC0-301F-11D3-BF4B-00C04F79EFBC}") = "E_ConsoleApp", "..\E_ConsoleApp\E_ConsoleApp.csproj", "{8748DDF2-D827-49E2-A424-0995B500DD24}"
EndProject
Global
	GlobalSection(SolutionConfigurationPlatforms) = preSolution
		Debug|Any CPU = Debug|Any CPU
		Release|Any CPU = Release|Any CPU
	EndGlobalSection
	GlobalSection(ProjectConfigurationPlatforms) = postSolution
		{0F9D793B-BE42-4F69-9608-913A1A21719F}.Debug|Any CPU.ActiveCfg = Debug|Any CPU
		{0F9D793B-BE42-4F69-9608-913A1A21719F}.Debug|Any CPU.Build.0 = Debug|Any CPU
		{0F9D793B-BE42-4F69-9608-913A1A21719F}.Release|Any CPU.ActiveCfg = Release|Any CPU
		{0F9D793B-BE42-4F69-9608-913A1A21719F}.Release|Any CPU.Build.0 = Release|Any CPU
		{8748DDF2-D827-49E2-A424-0995B500DD24}.Debug|Any CPU.ActiveCfg = Debug|Any CPU
		{8748DDF2-D827-49E2-A424-0995B500DD24}.Debug|Any CPU.Build.0 = Debug|Any CPU
		{8748DDF2-D827-49E2-A424-0995B500DD24}.Release|Any CPU.ActiveCfg = Release|Any CPU
		{8748DDF2-D827-49E2-A424-0995B500DD24}.Release|Any CPU.Build.0 = Release|Any CPU
	EndGlobalSection
	GlobalSection(SolutionProperties) = preSolution
		HideSolutionNode = FALSE
	EndGlobalSection
	GlobalSection(ExtensibilityGlobals) = postSolution
		SolutionGuid = {1FDD8C05-3FA6-4860-8B34-A66A3363FFB1}
	EndGlobalSection
EndGlobal
